
Microsoft Visual Studio Solution File, Format Version 12.00
# Visual Studio Version 17
VisualStudioVersion = 17.4.33122.133
MinimumVisualStudioVersion = 10.0.40219.1
Project("{FAE04EC0-301F-11D3-BF4B-00C04F79EFBC}") = "florarie", "florarie.csproj", "{59C25813-ED05-41EB-91C2-23566DEE1AE7}"
EndProject
Global
	GlobalSection(SolutionConfigurationPlatforms) = preSolution
		Debug|Any CPU = Debug|Any CPU
		Release|Any CPU = Release|Any CPU
	EndGlobalSection
	GlobalSection(ProjectConfigurationPlatforms) = postSolution
		{59C25813-ED05-41EB-91C2-23566DEE1AE7}.Debug|Any CPU.ActiveCfg = Debug|Any CPU
		{59C25813-ED05-41EB-91C2-23566DEE1AE7}.Debug|Any CPU.Build.0 = Debug|Any CPU
		{59C25813-ED05-41EB-91C2-23566DEE1AE7}.Release|Any CPU.ActiveCfg = Release|Any CPU
		{59C25813-ED05-41EB-91C2-23566DEE1AE7}.Release|Any CPU.Build.0 = Release|Any CPU
	EndGlobalSection
	GlobalSection(SolutionProperties) = preSolution
		HideSolutionNode = FALSE
	EndGlobalSection
	GlobalSection(ExtensibilityGlobals) = postSolution
		SolutionGuid = {733B8655-D5DA-440E-A4D6-FA756F13824C}
	EndGlobalSection
EndGlobal
